
Microsoft Visual Studio Solution File, Format Version 12.00
# Visual Studio Version 17
VisualStudioVersion = 17.3.32819.101
MinimumVisualStudioVersion = 10.0.40219.1
Project("{FAE04EC0-301F-11D3-BF4B-00C04F79EFBC}") = "ConsoleApp6", "ConsoleApp6\ConsoleApp6.csproj", "{940D029D-F27A-4260-9312-8EAD96962B40}"
EndProject
Global
	GlobalSection(SolutionConfigurationPlatforms) = preSolution
		Debug|Any CPU = Debug|Any CPU
		Release|Any CPU = Release|Any CPU
	EndGlobalSection
	GlobalSection(ProjectConfigurationPlatforms) = postSolution
		{940D029D-F27A-4260-9312-8EAD96962B40}.Debug|Any CPU.ActiveCfg = Debug|Any CPU
		{940D029D-F27A-4260-9312-8EAD96962B40}.Debug|Any CPU.Build.0 = Debug|Any CPU
		{940D029D-F27A-4260-9312-8EAD96962B40}.Release|Any CPU.ActiveCfg = Release|Any CPU
		{940D029D-F27A-4260-9312-8EAD96962B40}.Release|Any CPU.Build.0 = Release|Any CPU
	EndGlobalSection
	GlobalSection(SolutionProperties) = preSolution
		HideSolutionNode = FALSE
	EndGlobalSection
	GlobalSection(ExtensibilityGlobals) = postSolution
		SolutionGuid = {83AAC6D6-C86C-4E5A-BFDA-6F2AAE2516B8}
	EndGlobalSection
EndGlobal
